
Microsoft Visual Studio Solution File, Format Version 12.00
# Visual Studio 15
VisualStudioVersion = 15.0.25807.0
MinimumVisualStudioVersion = 10.0.40219.1
Project("{2150E333-8FDC-42A3-9474-1A3956D46DE8}") = "Engine", "Engine", "{342FF128-34E9-4222-8F15-EF60966CCC1A}"
EndProject
Project("{2150E333-8FDC-42A3-9474-1A3956D46DE8}") = "Games", "Games", "{6917CD54-06F0-410E-AB6A-DFB3455B3517}"
EndProject
Project("{8BC9CEB8-8B4A-11D0-8D11-00A0C91BC942}") = "UE4", "Intermediate\ProjectFiles\UE4.vcxproj", "{C35D09CE-5E59-4704-8ED4-7A8ED4C92864}"
EndProject
Project("{8BC9CEB8-8B4A-11D0-8D11-00A0C91BC942}") = "Mythled_Prod", "Intermediate\ProjectFiles\Mythled_Prod.vcxproj", "{A6A7B3B7-A4C6-4A01-B80D-8E221E637728}"
EndProject
Project("{2150E333-8FDC-42A3-9474-1A3956D46DE8}") = "Visualizers", "Visualizers", "{92A4BF87-D1FF-41D7-BB50-7F13D55FA67B}"
	ProjectSection(SolutionItems) = preProject
		..\..\..\..\..\Program Files\Epic Games\UE_4.21\Engine\Extras\VisualStudioDebugging\UE4.natvis = ..\..\..\..\..\Program Files\Epic Games\UE_4.21\Engine\Extras\VisualStudioDebugging\UE4.natvis
	EndProjectSection
EndProject
Global
	GlobalSection(SolutionConfigurationPlatforms) = preSolution
		DebugGame Editor|HTML5 = DebugGame Editor|HTML5
		DebugGame Editor|Win32 = DebugGame Editor|Win32
		DebugGame Editor|Win64 = DebugGame Editor|Win64
		DebugGame|HTML5 = DebugGame|HTML5
		DebugGame|Win32 = DebugGame|Win32
		DebugGame|Win64 = DebugGame|Win64
		Development Editor|HTML5 = Development Editor|HTML5
		Development Editor|Win32 = Development Editor|Win32
		Development Editor|Win64 = Development Editor|Win64
		Development|HTML5 = Development|HTML5
		Development|Win32 = Development|Win32
		Development|Win64 = Development|Win64
		Shipping|HTML5 = Shipping|HTML5
		Shipping|Win32 = Shipping|Win32
		Shipping|Win64 = Shipping|Win64
	EndGlobalSection
	GlobalSection(ProjectConfigurationPlatforms) = postSolution
		{C35D09CE-5E59-4704-8ED4-7A8ED4C92864}.DebugGame Editor|HTML5.ActiveCfg = BuiltWithUnrealBuildTool|Win32
		{C35D09CE-5E59-4704-8ED4-7A8ED4C92864}.DebugGame Editor|Win32.ActiveCfg = BuiltWithUnrealBuildTool|Win32
		{C35D09CE-5E59-4704-8ED4-7A8ED4C92864}.DebugGame Editor|Win64.ActiveCfg = BuiltWithUnrealBuildTool|Win32
		{C35D09CE-5E59-4704-8ED4-7A8ED4C92864}.DebugGame|HTML5.ActiveCfg = BuiltWithUnrealBuildTool|Win32
		{C35D09CE-5E59-4704-8ED4-7A8ED4C92864}.DebugGame|Win32.ActiveCfg = BuiltWithUnrealBuildTool|Win32
		{C35D09CE-5E59-4704-8ED4-7A8ED4C92864}.DebugGame|Win64.ActiveCfg = BuiltWithUnrealBuildTool|Win32
		{C35D09CE-5E59-4704-8ED4-7A8ED4C92864}.Development Editor|HTML5.ActiveCfg = BuiltWithUnrealBuildTool|Win32
		{C35D09CE-5E59-4704-8ED4-7A8ED4C92864}.Development Editor|Win32.ActiveCfg = BuiltWithUnrealBuildTool|Win32
		{C35D09CE-5E59-4704-8ED4-7A8ED4C92864}.Development Editor|Win64.ActiveCfg = BuiltWithUnrealBuildTool|Win32
		{C35D09CE-5E59-4704-8ED4-7A8ED4C92864}.Development|HTML5.ActiveCfg = BuiltWithUnrealBuildTool|Win32
		{C35D09CE-5E59-4704-8ED4-7A8ED4C92864}.Development|Win32.ActiveCfg = BuiltWithUnrealBuildTool|Win32
		{C35D09CE-5E59-4704-8ED4-7A8ED4C92864}.Development|Win64.ActiveCfg = BuiltWithUnrealBuildTool|Win32
		{C35D09CE-5E59-4704-8ED4-7A8ED4C92864}.Shipping|HTML5.ActiveCfg = BuiltWithUnrealBuildTool|Win32
		{C35D09CE-5E59-4704-8ED4-7A8ED4C92864}.Shipping|Win32.ActiveCfg = BuiltWithUnrealBuildTool|Win32
		{C35D09CE-5E59-4704-8ED4-7A8ED4C92864}.Shipping|Win64.ActiveCfg = BuiltWithUnrealBuildTool|Win32
		{A6A7B3B7-A4C6-4A01-B80D-8E221E637728}.DebugGame Editor|HTML5.ActiveCfg = Invalid|Win32
		{A6A7B3B7-A4C6-4A01-B80D-8E221E637728}.DebugGame Editor|Win32.ActiveCfg = Invalid|Win32
		{A6A7B3B7-A4C6-4A01-B80D-8E221E637728}.DebugGame Editor|Win64.ActiveCfg = DebugGame_Editor|x64
		{A6A7B3B7-A4C6-4A01-B80D-8E221E637728}.DebugGame Editor|Win64.Build.0 = DebugGame_Editor|x64
		{A6A7B3B7-A4C6-4A01-B80D-8E221E637728}.DebugGame|HTML5.ActiveCfg = HTML5_DebugGame|Win32
		{A6A7B3B7-A4C6-4A01-B80D-8E221E637728}.DebugGame|HTML5.Build.0 = HTML5_DebugGame|Win32
		{A6A7B3B7-A4C6-4A01-B80D-8E221E637728}.DebugGame|Win32.ActiveCfg = DebugGame|Win32
		{A6A7B3B7-A4C6-4A01-B80D-8E221E637728}.DebugGame|Win32.Build.0 = DebugGame|Win32
		{A6A7B3B7-A4C6-4A01-B80D-8E221E637728}.DebugGame|Win64.ActiveCfg = DebugGame|x64
		{A6A7B3B7-A4C6-4A01-B80D-8E221E637728}.DebugGame|Win64.Build.0 = DebugGame|x64
		{A6A7B3B7-A4C6-4A01-B80D-8E221E637728}.Development Editor|HTML5.ActiveCfg = Invalid|Win32
		{A6A7B3B7-A4C6-4A01-B80D-8E221E637728}.Development Editor|Win32.ActiveCfg = Invalid|Win32
		{A6A7B3B7-A4C6-4A01-B80D-8E221E637728}.Development Editor|Win64.ActiveCfg = Development_Editor|x64
		{A6A7B3B7-A4C6-4A01-B80D-8E221E637728}.Development Editor|Win64.Build.0 = Development_Editor|x64
		{A6A7B3B7-A4C6-4A01-B80D-8E221E637728}.Development|HTML5.ActiveCfg = HTML5_Development|Win32
		{A6A7B3B7-A4C6-4A01-B80D-8E221E637728}.Development|HTML5.Build.0 = HTML5_Development|Win32
		{A6A7B3B7-A4C6-4A01-B80D-8E221E637728}.Development|Win32.ActiveCfg = Development|Win32
		{A6A7B3B7-A4C6-4A01-B80D-8E221E637728}.Development|Win32.Build.0 = Development|Win32
		{A6A7B3B7-A4C6-4A01-B80D-8E221E637728}.Development|Win64.ActiveCfg = Development|x64
		{A6A7B3B7-A4C6-4A01-B80D-8E221E637728}.Development|Win64.Build.0 = Development|x64
		{A6A7B3B7-A4C6-4A01-B80D-8E221E637728}.Shipping|HTML5.ActiveCfg = HTML5_Shipping|Win32
		{A6A7B3B7-A4C6-4A01-B80D-8E221E637728}.Shipping|HTML5.Build.0 = HTML5_Shipping|Win32
		{A6A7B3B7-A4C6-4A01-B80D-8E221E637728}.Shipping|Win32.ActiveCfg = Shipping|Win32
		{A6A7B3B7-A4C6-4A01-B80D-8E221E637728}.Shipping|Win32.Build.0 = Shipping|Win32
		{A6A7B3B7-A4C6-4A01-B80D-8E221E637728}.Shipping|Win64.ActiveCfg = Shipping|x64
		{A6A7B3B7-A4C6-4A01-B80D-8E221E637728}.Shipping|Win64.Build.0 = Shipping|x64
	EndGlobalSection
	GlobalSection(SolutionProperties) = preSolution
		HideSolutionNode = FALSE
	EndGlobalSection
	GlobalSection(NestedProjects) = preSolution
		{C35D09CE-5E59-4704-8ED4-7A8ED4C92864} = {342FF128-34E9-4222-8F15-EF60966CCC1A}
		{A6A7B3B7-A4C6-4A01-B80D-8E221E637728} = {6917CD54-06F0-410E-AB6A-DFB3455B3517}
	EndGlobalSection
	GlobalSection(ExtensibilityGlobals) = postSolution
		SolutionGuid = {2DCF658B-039F-42E2-AC74-5ACB6FF1EAD7}
	EndGlobalSection
EndGlobal
